// !$*UTF8*$!
{
	archiveVersion = 1;
	classes = {
	};
	objectVersion = 48;
	objects = {

/* Begin PBXBuildFile section */
		71577DC02058445F00D7FE0A /* AppDelegate.swift in Sources */ = {isa = PBXBuildFile; fileRef = 71577DBF2058445F00D7FE0A /* AppDelegate.swift */; };
		71577DC22058445F00D7FE0A /* ViewController.swift in Sources */ = {isa = PBXBuildFile; fileRef = 71577DC12058445F00D7FE0A /* ViewController.swift */; };
		71577DC52058445F00D7FE0A /* Main.storyboard in Resources */ = {isa = PBXBuildFile; fileRef = 71577DC32058445F00D7FE0A /* Main.storyboard */; };
		71577DC72058445F00D7FE0A /* Assets.xcassets in Resources */ = {isa = PBXBuildFile; fileRef = 71577DC62058445F00D7FE0A /* Assets.xcassets */; };
		71577DCA2058445F00D7FE0A /* LaunchScreen.storyboard in Resources */ = {isa = PBXBuildFile; fileRef = 71577DC82058445F00D7FE0A /* LaunchScreen.storyboard */; };
/* End PBXBuildFile section */

/* Begin PBXFileReference section */
		71577DBC2058445F00D7FE0A /* LabelMultiLineNonsense.app */ = {isa = PBXFileReference; explicitFileType = wrapper.application; includeInIndex = 0; path = LabelMultiLineNonsense.app; sourceTree = BUILT_PRODUCTS_DIR; };
		71577DBF2058445F00D7FE0A /* AppDelegate.swift */ = {isa = PBXFileReference; lastKnownFileType = sourcecode.swift; path = AppDelegate.swift; sourceTree = "<group>"; };
		71577DC12058445F00D7FE0A /* ViewController.swift */ = {isa = PBXFileReference; lastKnownFileType = sourcecode.swift; path = ViewController.swift; sourceTree = "<group>"; };
		71577DC42058445F00D7FE0A /* Base */ = {isa = PBXFileReference; lastKnownFileType = file.storyboard; name = Base; path = Base.lproj/Main.storyboard; sourceTree = "<group>"; };
		71577DC62058445F00D7FE0A /* Assets.xcassets */ = {isa = PBXFileReference; lastKnownFileType = folder.assetcatalog; path = Assets.xcassets; sourceTree = "<group>"; };
		71577DC92058445F00D7FE0A /* Base */ = {isa = PBXFileReference; lastKnownFileType = file.storyboard; name = Base; path = Base.lproj/LaunchScreen.storyboard; sourceTree = "<group>"; };
		71577DCB2058445F00D7FE0A /* Info.plist */ = {isa = PBXFileReference; lastKnownFileType = text.plist.xml; path = Info.plist; sourceTree = "<group>"; };
/* End PBXFileReference section */

/* Begin PBXFrameworksBuildPhase section */
		71577DB92058445F00D7FE0A /* Frameworks */ = {
			isa = PBXFrameworksBuildPhase;
			buildActionMask = 2147483647;
			files = (
			);
			runOnlyForDeploymentPostprocessing = 0;
		};
/* End PBXFrameworksBuildPhase section */

/* Begin PBXGroup section */
		71577DB32058445F00D7FE0A = {
			isa = PBXGroup;
			children = (
				71577DBE2058445F00D7FE0A /* LabelMultiLineNonsense */,
				71577DBD2058445F00D7FE0A /* Products */,
			);
			sourceTree = "<group>";
		};
		71577DBD2058445F00D7FE0A /* Products */ = {
			isa = PBXGroup;
			children = (
				71577DBC2058445F00D7FE0A /* LabelMultiLineNonsense.app */,
			);
			name = Products;
			sourceTree = "<group>";
		};
		71577DBE2058445F00D7FE0A /* LabelMultiLineNonsense */ = {
			isa = PBXGroup;
			children = (
				71577DBF2058445F00D7FE0A /* AppDelegate.swift */,
				71577DC12058445F00D7FE0A /* ViewController.swift */,
				71577DC32058445F00D7FE0A /* Main.storyboard */,
				71577DC62058445F00D7FE0A /* Assets.xcassets */,
				71577DC82058445F00D7FE0A /* LaunchScreen.storyboard */,
				71577DCB2058445F00D7FE0A /* Info.plist */,
			);
			path = LabelMultiLineNonsense;
			sourceTree = "<group>";
		};
/* End PBXGroup section */

/* Begin PBXNativeTarget section */
		71577DBB2058445F00D7FE0A /* LabelMultiLineNonsense */ = {
			isa = PBXNativeTarget;
			buildConfigurationList = 71577DCE2058445F00D7FE0A /* Build configuration list for PBXNativeTarget "LabelMultiLineNonsense" */;
			buildPhases = (
				71577DB82058445F00D7FE0A /* Sources */,
				71577DB92058445F00D7FE0A /* Frameworks */,
				71577DBA2058445F00D7FE0A /* Resources */,
			);
			buildRules = (
			);
			dependencies = (
			);
			name = LabelMultiLineNonsense;
			productName = LabelMultiLineNonsense;
			productReference = 71577DBC2058445F00D7FE0A /* LabelMultiLineNonsense.app */;
			productType = "com.apple.product-type.application";
		};
/* End PBXNativeTarget section */

/* Begin PBXProject section */
		71577DB42058445F00D7FE0A /* Project object */ = {
			isa = PBXProject;
			attributes = {
				LastSwiftUpdateCheck = 0920;
				LastUpgradeCheck = 0920;
				ORGANIZATIONNAME = "Coffee Train Labs";
				TargetAttributes = {
					71577DBB2058445F00D7FE0A = {
						CreatedOnToolsVersion = 9.2;
						ProvisioningStyle = Automatic;
					};
				};
			};
			buildConfigurationList = 71577DB72058445F00D7FE0A /* Build configuration list for PBXProject "LabelMultiLineNonsense" */;
			compatibilityVersion = "Xcode 8.0";
			developmentRegion = en;
			hasScannedForEncodings = 0;
			knownRegions = (
				en,
				Base,
			);
			mainGroup = 71577DB32058445F00D7FE0A;
			productRefGroup = 71577DBD2058445F00D7FE0A /* Products */;
			projectDirPath = "";
			projectRoot = "";
			targets = (
				71577DBB2058445F00D7FE0A /* LabelMultiLineNonsense */,
			);
		};
/* End PBXProject section */

/* Begin PBXResourcesBuildPhase section */
		71577DBA2058445F00D7FE0A /* Resources */ = {
			isa = PBXResourcesBuildPhase;
			buildActionMask = 2147483647;
			files = (
				71577DCA2058445F00D7FE0A /* LaunchScreen.storyboard in Resources */,
				71577DC72058445F00D7FE0A /* Assets.xcassets in Resources */,
				71577DC52058445F00D7FE0A /* Main.storyboard in Resources */,
			);
			runOnlyForDeploymentPostprocessing = 0;
		};
/* End PBXResourcesBuildPhase section */

/* Begin PBXSourcesBuildPhase section */
		71577DB82058445F00D7FE0A /* Sources */ = {
			isa = PBXSourcesBuildPhase;
			buildActionMask = 2147483647;
			files = (
				71577DC22058445F00D7FE0A /* ViewController.swift in Sources */,
				71577DC02058445F00D7FE0A /* AppDelegate.swift in Sources */,
			);
			runOnlyForDeploymentPostprocessing = 0;
		};
/* End PBXSourcesBuildPhase section */

/* Begin PBXVariantGroup section */
		71577DC32058445F00D7FE0A /* Main.storyboard */ = {
			isa = PBXVariantGroup;
			children = (
				71577DC42058445F00D7FE0A /* Base */,
			);
			name = Main.storyboard;
			sourceTree = "<group>";
		};
		71577DC82058445F00D7FE0A /* LaunchScreen.storyboard */ = {
			isa = PBXVariantGroup;
			children = (
				71577DC92058445F00D7FE0A /* Base */,
			);
			name = LaunchScreen.storyboard;
			sourceTree = "<group>";
		};
/* End PBXVariantGroup section */

/* Begin XCBuildConfiguration section */
		71577DCC2058445F00D7FE0A /* Debug */ = {
			isa = XCBuildConfiguration;
			buildSettings = {
				ALWAYS_SEARCH_USER_PATHS = NO;
				CLANG_ANALYZER_NONNULL = YES;
				CLANG_ANALYZER_NUMBER_OBJECT_CONVERSION = YES_AGGRESSIVE;
				CLANG_CXX_LANGUAGE_STANDARD = "gnu++14";
				CLANG_CXX_LIBRARY = "libc++";
				CLANG_ENABLE_MODULES = YES;
				CLANG_ENABLE_OBJC_ARC = YES;
				CLANG_WARN_BLOCK_CAPTURE_AUTORELEASING = YES;
				CLANG_WARN_BOOL_CONVERSION = YES;
				CLANG_WARN_COMMA = YES;
				CLANG_WARN_CONSTANT_CONVERSION = YES;
				CLANG_WARN_DIRECT_OBJC_ISA_USAGE = YES_ERROR;
				CLANG_WARN_DOCUMENTATION_COMMENTS = YES;
				CLANG_WARN_EMPTY_BODY = YES;
				CLANG_WARN_ENUM_CONVERSION = YES;
				CLANG_WARN_INFINITE_RECURSION = YES;
				CLANG_WARN_INT_CONVERSION = YES;
				CLANG_WARN_NON_LITERAL_NULL_CONVERSION = YES;
				CLANG_WARN_OBJC_LITERAL_CONVERSION = YES;
				CLANG_WARN_OBJC_ROOT_CLASS = YES_ERROR;
				CLANG_WARN_RANGE_LOOP_ANALYSIS = YES;
				CLANG_WARN_STRICT_PROTOTYPES = YES;
				CLANG_WARN_SUSPICIOUS_MOVE = YES;
				CLANG_WARN_UNGUARDED_AVAILABILITY = YES_AGGRESSIVE;
				CLANG_WARN_UNREACHABLE_CODE = YES;
				CLANG_WARN__DUPLICATE_METHOD_MATCH = YES;
				CODE_SIGN_IDENTITY = "iPhone Developer";
				COPY_PHASE_STRIP = NO;
				DEBUG_INFORMATION_FORMAT = dwarf;
				ENABLE_STRICT_OBJC_MSGSEND = YES;
				ENABLE_TESTABILITY = YES;
				GCC_C_LANGUAGE_STANDARD = gnu11;
				GCC_DYNAMIC_NO_PIC = NO;
				GCC_NO_COMMON_BLOCKS = YES;
				GCC_OPTIMIZATION_LEVEL = 0;
				GCC_PREPROCESSOR_DEFINITIONS = (
					"DEBUG=1",
					"$(inherited)",
				);
				GCC_WARN_64_TO_32_BIT_CONVERSION = YES;
				GCC_WARN_ABOUT_RETURN_TYPE = YES_ERROR;
				GCC_WARN_UNDECLARED_SELECTOR = YES;
				GCC_WARN_UNINITIALIZED_AUTOS = YES_AGGRESSIVE;
				GCC_WARN_UNUSED_FUNCTION = YES;
				GCC_WARN_UNUSED_VARIABLE = YES;
				IPHONEOS_DEPLOYMENT_TARGET = 11.2;
				MTL_ENABLE_DEBUG_INFO = YES;
				ONLY_ACTIVE_ARCH = YES;
				SDKROOT = iphoneos;
				SWIFT_ACTIVE_COMPILATION_CONDITIONS = DEBUG;
				SWIFT_OPTIMIZATION_LEVEL = "-Onone";
			};
			name = Debug;
		};
		71577DCD2058445F00D7FE0A /* Release */ = {
			isa = XCBuildConfiguration;
			buildSettings = {
				ALWAYS_SEARCH_USER_PATHS = NO;
				CLANG_ANALYZER_NONNULL = YES;
				CLANG_ANALYZER_NUMBER_OBJECT_CONVERSION = YES_AGGRESSIVE;
				CLANG_CXX_LANGUAGE_STANDARD = "gnu++14";
				CLANG_CXX_LIBRARY = "libc++";
				CLANG_ENABLE_MODULES = YES;
				CLANG_ENABLE_OBJC_ARC = YES;
				CLANG_WARN_BLOCK_CAPTURE_AUTORELEASING = YES;
				CLANG_WARN_BOOL_CONVERSION = YES;
				CLANG_WARN_COMMA = YES;
				CLANG_WARN_CONSTANT_CONVERSION = YES;
				CLANG_WARN_DIRECT_OBJC_ISA_USAGE = YES_ERROR;
				CLANG_WARN_DOCUMENTATION_COMMENTS = YES;
				CLANG_WARN_EMPTY_BODY = YES;
				CLANG_WARN_ENUM_CONVERSION = YES;
				CLANG_WARN_INFINITE_RECURSION = YES;
				CLANG_WARN_INT_CONVERSION = YES;
				CLANG_WARN_NON_LITERAL_NULL_CONVERSION = YES;
				CLANG_WARN_OBJC_LITERAL_CONVERSION = YES;
				CLANG_WARN_OBJC_ROOT_CLASS = YES_ERROR;
				CLANG_WARN_RANGE_LOOP_ANALYSIS = YES;
				CLANG_WARN_STRICT_PROTOTYPES = YES;
				CLANG_WARN_SUSPICIOUS_MOVE = YES;
				CLANG_WARN_UNGUARDED_AVAILABILITY = YES_AGGRESSIVE;
				CLANG_WARN_UNREACHABLE_CODE = YES;
				CLANG_WARN__DUPLICATE_METHOD_MATCH = YES;
				CODE_SIGN_IDENTITY = "iPhone Developer";
				COPY_PHASE_STRIP = NO;
				DEBUG_INFORMATION_FORMAT = "dwarf-with-dsym";
				ENABLE_NS_ASSERTIONS = NO;
				ENABLE_STRICT_OBJC_MSGSEND = YES;
				GCC_C_LANGUAGE_STANDARD = gnu11;
				GCC_NO_COMMON_BLOCKS = YES;
				GCC_WARN_64_TO_32_BIT_CONVERSION = YES;
				GCC_WARN_ABOUT_RETURN_TYPE = YES_ERROR;
				GCC_WARN_UNDECLARED_SELECTOR = YES;
				GCC_WARN_UNINITIALIZED_AUTOS = YES_AGGRESSIVE;
				GCC_WARN_UNUSED_FUNCTION = YES;
				GCC_WARN_UNUSED_VARIABLE = YES;
				IPHONEOS_DEPLOYMENT_TARGET = 11.2;
				MTL_ENABLE_DEBUG_INFO = NO;
				SDKROOT = iphoneos;
				SWIFT_OPTIMIZATION_LEVEL = "-Owholemodule";
				VALIDATE_PRODUCT = YES;
			};
			name = Release;
		};
		71577DCF2058445F00D7FE0A /* Debug */ = {
			isa = XCBuildConfiguration;
			buildSettings = {
				ASSETCATALOG_COMPILER_APPICON_NAME = AppIcon;
				CODE_SIGN_STYLE = Automatic;
				DEVELOPMENT_TEAM = 99K375NN6J;
				INFOPLIST_FILE = LabelMultiLineNonsense/Info.plist;
				LD_RUNPATH_SEARCH_PATHS = "$(inherited) @executable_path/Frameworks";
				PRODUCT_BUNDLE_IDENTIFIER = org.coffetrain.LabelMultiLineNonsense;
				PRODUCT_NAME = "$(TARGET_NAME)";
				SWIFT_VERSION = 4.0;
				TARGETED_DEVICE_FAMILY = "1,2";
			};
			name = Debug;
		};
		71577DD02058445F00D7FE0A /* Release */ = {
			isa = XCBuildConfiguration;
			buildSettings = {
				ASSETCATALOG_COMPILER_APPICON_NAME = AppIcon;
				CODE_SIGN_STYLE = Automatic;
				DEVELOPMENT_TEAM = 99K375NN6J;
				INFOPLIST_FILE = LabelMultiLineNonsense/Info.plist;
				LD_RUNPATH_SEARCH_PATHS = "$(inherited) @executable_path/Frameworks";
				PRODUCT_BUNDLE_IDENTIFIER = org.coffetrain.LabelMultiLineNonsense;
				PRODUCT_NAME = "$(TARGET_NAME)";
				SWIFT_VERSION = 4.0;
				TARGETED_DEVICE_FAMILY = "1,2";
			};
			name = Release;
		};
/* End XCBuildConfiguration section */

/* Begin XCConfigurationList section */
		71577DB72058445F00D7FE0A /* Build configuration list for PBXProject "LabelMultiLineNonsense" */ = {
			isa = XCConfigurationList;
			buildConfigurations = (
				71577DCC2058445F00D7FE0A /* Debug */,
				71577DCD2058445F00D7FE0A /* Release */,
			);
			defaultConfigurationIsVisible = 0;
			defaultConfigurationName = Release;
		};
		71577DCE2058445F00D7FE0A /* Build configuration list for PBXNativeTarget "LabelMultiLineNonsense" */ = {
			isa = XCConfigurationList;
			buildConfigurations = (
				71577DCF2058445F00D7FE0A /* Debug */,
				71577DD02058445F00D7FE0A /* Release */,
			);
			defaultConfigurationIsVisible = 0;
			defaultConfigurationName = Release;
		};
/* End XCConfigurationList section */
	};
	rootObject = 71577DB42058445F00D7FE0A /* Project object */;
}
